
Microsoft Visual Studio Solution File, Format Version 12.00
Project("{FAE04EC0-301F-11D3-BF4B-00C04F79EFBC}") = "YDownload", "YDownload.csproj", "{E1FA6189-F35E-41F7-81B4-27484CB11649}"
EndProject
Global
	GlobalSection(SolutionConfigurationPlatforms) = preSolution
		Debug|Any CPU = Debug|Any CPU
		Release|Any CPU = Release|Any CPU
	EndGlobalSection
	GlobalSection(ProjectConfigurationPlatforms) = postSolution
		{E1FA6189-F35E-41F7-81B4-27484CB11649}.Debug|Any CPU.ActiveCfg = Debug|Any CPU
		{E1FA6189-F35E-41F7-81B4-27484CB11649}.Debug|Any CPU.Build.0 = Debug|Any CPU
		{E1FA6189-F35E-41F7-81B4-27484CB11649}.Release|Any CPU.ActiveCfg = Release|Any CPU
		{E1FA6189-F35E-41F7-81B4-27484CB11649}.Release|Any CPU.Build.0 = Release|Any CPU
	EndGlobalSection
EndGlobal
